
Microsoft Visual Studio Solution File, Format Version 12.00
# Visual Studio Version 16
VisualStudioVersion = 16.0.31112.23
MinimumVisualStudioVersion = 10.0.40219.1
Project("{FAE04EC0-301F-11D3-BF4B-00C04F79EFBC}") = "BaytonicECommerce", "BaytonicECommerce\BaytonicECommerce.csproj", "{9D669E4B-9A80-45A8-B225-982B10473B4A}"
EndProject
Global
	GlobalSection(SolutionConfigurationPlatforms) = preSolution
		Debug|Any CPU = Debug|Any CPU
		Release|Any CPU = Release|Any CPU
	EndGlobalSection
	GlobalSection(ProjectConfigurationPlatforms) = postSolution
		{9D669E4B-9A80-45A8-B225-982B10473B4A}.Debug|Any CPU.ActiveCfg = Debug|Any CPU
		{9D669E4B-9A80-45A8-B225-982B10473B4A}.Debug|Any CPU.Build.0 = Debug|Any CPU
		{9D669E4B-9A80-45A8-B225-982B10473B4A}.Release|Any CPU.ActiveCfg = Release|Any CPU
		{9D669E4B-9A80-45A8-B225-982B10473B4A}.Release|Any CPU.Build.0 = Release|Any CPU
	EndGlobalSection
	GlobalSection(SolutionProperties) = preSolution
		HideSolutionNode = FALSE
	EndGlobalSection
	GlobalSection(ExtensibilityGlobals) = postSolution
		SolutionGuid = {296856E5-899E-4A6A-84B1-48688DD66F24}
	EndGlobalSection
EndGlobal
